
Microsoft Visual Studio Solution File, Format Version 12.00
# Visual Studio Version 17
VisualStudioVersion = 17.2.32630.192
MinimumVisualStudioVersion = 10.0.40219.1
Project("{9A19103F-16F7-4668-BE54-9A1E7A4F7556}") = "CSharpOdevler8137", "CSharpOdevler8137\CSharpOdevler8137.csproj", "{6C38777B-54D5-4F6F-8577-D0DBC1DB0167}"
EndProject
Project("{9A19103F-16F7-4668-BE54-9A1E7A4F7556}") = "1)ConditionalsVeMethods(HesapMakinesi)", "1)ConditionalsVeMethods(HesapMakinesi)\1)ConditionalsVeMethods(HesapMakinesi).csproj", "{21859705-E911-4B9F-8C32-C3918587F033}"
EndProject
Project("{9A19103F-16F7-4668-BE54-9A1E7A4F7556}") = "2)Loops(Palindrom)", "2)Loops(Palindrom)\2)Loops(Palindrom).csproj", "{FA201349-3165-4A9D-B103-D229DF18F887}"
EndProject
Project("{9A19103F-16F7-4668-BE54-9A1E7A4F7556}") = "3)Loops(Faktoriyel)", "3)Loops(Faktoriyel)\3)Loops(Faktoriyel).csproj", "{3D11A489-A075-4484-8318-5AA90C1FF302}"
EndProject
Project("{9A19103F-16F7-4668-BE54-9A1E7A4F7556}") = "4)Loops(Bonus)", "4)Loops(Bonus)\4)Loops(Bonus).csproj", "{95762A82-82B2-4F34-947C-FE80AFE4CDC1}"
EndProject
Project("{FAE04EC0-301F-11D3-BF4B-00C04F79EFBC}") = "5)DateTime(Bonus)", "5)DateTime(Bonus)\5)DateTime(Bonus).csproj", "{65897CFB-9D04-45E1-887A-A275EA42BD76}"
EndProject
Global
	GlobalSection(SolutionConfigurationPlatforms) = preSolution
		Debug|Any CPU = Debug|Any CPU
		Release|Any CPU = Release|Any CPU
	EndGlobalSection
	GlobalSection(ProjectConfigurationPlatforms) = postSolution
		{6C38777B-54D5-4F6F-8577-D0DBC1DB0167}.Debug|Any CPU.ActiveCfg = Debug|Any CPU
		{6C38777B-54D5-4F6F-8577-D0DBC1DB0167}.Debug|Any CPU.Build.0 = Debug|Any CPU
		{6C38777B-54D5-4F6F-8577-D0DBC1DB0167}.Release|Any CPU.ActiveCfg = Release|Any CPU
		{6C38777B-54D5-4F6F-8577-D0DBC1DB0167}.Release|Any CPU.Build.0 = Release|Any CPU
		{21859705-E911-4B9F-8C32-C3918587F033}.Debug|Any CPU.ActiveCfg = Debug|Any CPU
		{21859705-E911-4B9F-8C32-C3918587F033}.Debug|Any CPU.Build.0 = Debug|Any CPU
		{21859705-E911-4B9F-8C32-C3918587F033}.Release|Any CPU.ActiveCfg = Release|Any CPU
		{21859705-E911-4B9F-8C32-C3918587F033}.Release|Any CPU.Build.0 = Release|Any CPU
		{FA201349-3165-4A9D-B103-D229DF18F887}.Debug|Any CPU.ActiveCfg = Debug|Any CPU
		{FA201349-3165-4A9D-B103-D229DF18F887}.Debug|Any CPU.Build.0 = Debug|Any CPU
		{FA201349-3165-4A9D-B103-D229DF18F887}.Release|Any CPU.ActiveCfg = Release|Any CPU
		{FA201349-3165-4A9D-B103-D229DF18F887}.Release|Any CPU.Build.0 = Release|Any CPU
		{3D11A489-A075-4484-8318-5AA90C1FF302}.Debug|Any CPU.ActiveCfg = Debug|Any CPU
		{3D11A489-A075-4484-8318-5AA90C1FF302}.Debug|Any CPU.Build.0 = Debug|Any CPU
		{3D11A489-A075-4484-8318-5AA90C1FF302}.Release|Any CPU.ActiveCfg = Release|Any CPU
		{3D11A489-A075-4484-8318-5AA90C1FF302}.Release|Any CPU.Build.0 = Release|Any CPU
		{95762A82-82B2-4F34-947C-FE80AFE4CDC1}.Debug|Any CPU.ActiveCfg = Debug|Any CPU
		{95762A82-82B2-4F34-947C-FE80AFE4CDC1}.Debug|Any CPU.Build.0 = Debug|Any CPU
		{95762A82-82B2-4F34-947C-FE80AFE4CDC1}.Release|Any CPU.ActiveCfg = Release|Any CPU
		{95762A82-82B2-4F34-947C-FE80AFE4CDC1}.Release|Any CPU.Build.0 = Release|Any CPU
		{65897CFB-9D04-45E1-887A-A275EA42BD76}.Debug|Any CPU.ActiveCfg = Debug|Any CPU
		{65897CFB-9D04-45E1-887A-A275EA42BD76}.Debug|Any CPU.Build.0 = Debug|Any CPU
		{65897CFB-9D04-45E1-887A-A275EA42BD76}.Release|Any CPU.ActiveCfg = Release|Any CPU
		{65897CFB-9D04-45E1-887A-A275EA42BD76}.Release|Any CPU.Build.0 = Release|Any CPU
	EndGlobalSection
	GlobalSection(SolutionProperties) = preSolution
		HideSolutionNode = FALSE
	EndGlobalSection
	GlobalSection(ExtensibilityGlobals) = postSolution
		SolutionGuid = {53FC3270-374D-4F45-8718-04C3CE7D56B1}
	EndGlobalSection
EndGlobal
